// !$*UTF8*$!
{
	archiveVersion = 1;
	classes = {
	};
	objectVersion = 46;
	objects = {

/* Begin PBXBuildFile section */
		BBCF66100973EF32A570A78B /* libPods-MyDriveTest.a in Frameworks */ = {isa = PBXBuildFile; fileRef = 71B6237A37C2861BDA641726 /* libPods-MyDriveTest.a */; };
		C9572A6B1B1BACF0008793A2 /* main.m in Sources */ = {isa = PBXBuildFile; fileRef = C9572A6A1B1BACF0008793A2 /* main.m */; };
		C9572A6E1B1BACF0008793A2 /* AppDelegate.m in Sources */ = {isa = PBXBuildFile; fileRef = C9572A6D1B1BACF0008793A2 /* AppDelegate.m */; };
		C9572A711B1BACF0008793A2 /* ViewController.m in Sources */ = {isa = PBXBuildFile; fileRef = C9572A701B1BACF0008793A2 /* ViewController.m */; };
		C9572A741B1BACF0008793A2 /* Main.storyboard in Resources */ = {isa = PBXBuildFile; fileRef = C9572A721B1BACF0008793A2 /* Main.storyboard */; };
		C9572A761B1BACF0008793A2 /* Images.xcassets in Resources */ = {isa = PBXBuildFile; fileRef = C9572A751B1BACF0008793A2 /* Images.xcassets */; };
		C9572A791B1BACF0008793A2 /* LaunchScreen.xib in Resources */ = {isa = PBXBuildFile; fileRef = C9572A771B1BACF0008793A2 /* LaunchScreen.xib */; };
		C9572A8F1B1BAD5F008793A2 /* Podfile in Resources */ = {isa = PBXBuildFile; fileRef = C9572A8E1B1BAD5F008793A2 /* Podfile */; };
		C960AFD01B1F2CBB001823E5 /* MDCurrencyTests.m in Sources */ = {isa = PBXBuildFile; fileRef = C960AFCF1B1F2CBB001823E5 /* MDCurrencyTests.m */; };
		C960AFD21B1F31F8001823E5 /* MDConversionTests.m in Sources */ = {isa = PBXBuildFile; fileRef = C960AFD11B1F31F8001823E5 /* MDConversionTests.m */; };
		C9E10D921B1BB4CE001DB928 /* MDApiClient.m in Sources */ = {isa = PBXBuildFile; fileRef = C9E10D911B1BB4CE001DB928 /* MDApiClient.m */; };
		C9E10D961B1BBDD4001DB928 /* MDCurrency.m in Sources */ = {isa = PBXBuildFile; fileRef = C9E10D951B1BBDD4001DB928 /* MDCurrency.m */; };
		C9E10D991B1BBEA4001DB928 /* MDConversion.m in Sources */ = {isa = PBXBuildFile; fileRef = C9E10D981B1BBEA4001DB928 /* MDConversion.m */; };
		C9E10D9D1B1C6C0B001DB928 /* MDDataSource.m in Sources */ = {isa = PBXBuildFile; fileRef = C9E10D9C1B1C6C0B001DB928 /* MDDataSource.m */; };
		C9E10DA31B1C79E0001DB928 /* MDBaseViewController.m in Sources */ = {isa = PBXBuildFile; fileRef = C9E10DA21B1C79E0001DB928 /* MDBaseViewController.m */; };
/* End PBXBuildFile section */

/* Begin PBXContainerItemProxy section */
		C9572A7F1B1BACF1008793A2 /* PBXContainerItemProxy */ = {
			isa = PBXContainerItemProxy;
			containerPortal = C9572A5D1B1BACF0008793A2 /* Project object */;
			proxyType = 1;
			remoteGlobalIDString = C9572A641B1BACF0008793A2;
			remoteInfo = MyDriveTest;
		};
/* End PBXContainerItemProxy section */

/* Begin PBXFileReference section */
		514F7AFA2BD0330D1DF9C41B /* Pods-MyDriveTest.release.xcconfig */ = {isa = PBXFileReference; includeInIndex = 1; lastKnownFileType = text.xcconfig; name = "Pods-MyDriveTest.release.xcconfig"; path = "Pods/Target Support Files/Pods-MyDriveTest/Pods-MyDriveTest.release.xcconfig"; sourceTree = "<group>"; };
		71B6237A37C2861BDA641726 /* libPods-MyDriveTest.a */ = {isa = PBXFileReference; explicitFileType = archive.ar; includeInIndex = 0; path = "libPods-MyDriveTest.a"; sourceTree = BUILT_PRODUCTS_DIR; };
		8381BDA14D6E62FFC4B0D20F /* Pods-MyDriveTest.debug.xcconfig */ = {isa = PBXFileReference; includeInIndex = 1; lastKnownFileType = text.xcconfig; name = "Pods-MyDriveTest.debug.xcconfig"; path = "Pods/Target Support Files/Pods-MyDriveTest/Pods-MyDriveTest.debug.xcconfig"; sourceTree = "<group>"; };
		C9572A651B1BACF0008793A2 /* MyDriveTest.app */ = {isa = PBXFileReference; explicitFileType = wrapper.application; includeInIndex = 0; path = MyDriveTest.app; sourceTree = BUILT_PRODUCTS_DIR; };
		C9572A691B1BACF0008793A2 /* Info.plist */ = {isa = PBXFileReference; lastKnownFileType = text.plist.xml; path = Info.plist; sourceTree = "<group>"; };
		C9572A6A1B1BACF0008793A2 /* main.m */ = {isa = PBXFileReference; lastKnownFileType = sourcecode.c.objc; path = main.m; sourceTree = "<group>"; };
		C9572A6C1B1BACF0008793A2 /* AppDelegate.h */ = {isa = PBXFileReference; lastKnownFileType = sourcecode.c.h; path = AppDelegate.h; sourceTree = "<group>"; };
		C9572A6D1B1BACF0008793A2 /* AppDelegate.m */ = {isa = PBXFileReference; lastKnownFileType = sourcecode.c.objc; path = AppDelegate.m; sourceTree = "<group>"; };
		C9572A6F1B1BACF0008793A2 /* ViewController.h */ = {isa = PBXFileReference; lastKnownFileType = sourcecode.c.h; name = ViewController.h; path = ../ViewController.h; sourceTree = "<group>"; };
		C9572A701B1BACF0008793A2 /* ViewController.m */ = {isa = PBXFileReference; lastKnownFileType = sourcecode.c.objc; name = ViewController.m; path = ../ViewController.m; sourceTree = "<group>"; };
		C9572A731B1BACF0008793A2 /* Base */ = {isa = PBXFileReference; lastKnownFileType = file.storyboard; name = Base; path = Base.lproj/Main.storyboard; sourceTree = "<group>"; };
		C9572A751B1BACF0008793A2 /* Images.xcassets */ = {isa = PBXFileReference; lastKnownFileType = folder.assetcatalog; path = Images.xcassets; sourceTree = "<group>"; };
		C9572A781B1BACF0008793A2 /* Base */ = {isa = PBXFileReference; lastKnownFileType = file.xib; name = Base; path = Base.lproj/LaunchScreen.xib; sourceTree = "<group>"; };
		C9572A7E1B1BACF1008793A2 /* MyDriveTestTests.xctest */ = {isa = PBXFileReference; explicitFileType = wrapper.cfbundle; includeInIndex = 0; path = MyDriveTestTests.xctest; sourceTree = BUILT_PRODUCTS_DIR; };
		C9572A831B1BACF1008793A2 /* Info.plist */ = {isa = PBXFileReference; lastKnownFileType = text.plist.xml; path = Info.plist; sourceTree = "<group>"; };
		C9572A8E1B1BAD5F008793A2 /* Podfile */ = {isa = PBXFileReference; fileEncoding = 4; lastKnownFileType = text; path = Podfile; sourceTree = "<group>"; };
		C960AFCF1B1F2CBB001823E5 /* MDCurrencyTests.m */ = {isa = PBXFileReference; fileEncoding = 4; lastKnownFileType = sourcecode.c.objc; path = MDCurrencyTests.m; sourceTree = "<group>"; };
		C960AFD11B1F31F8001823E5 /* MDConversionTests.m */ = {isa = PBXFileReference; fileEncoding = 4; lastKnownFileType = sourcecode.c.objc; path = MDConversionTests.m; sourceTree = "<group>"; };
		C9E10D901B1BB4CE001DB928 /* MDApiClient.h */ = {isa = PBXFileReference; fileEncoding = 4; lastKnownFileType = sourcecode.c.h; path = MDApiClient.h; sourceTree = "<group>"; };
		C9E10D911B1BB4CE001DB928 /* MDApiClient.m */ = {isa = PBXFileReference; fileEncoding = 4; lastKnownFileType = sourcecode.c.objc; path = MDApiClient.m; sourceTree = "<group>"; };
		C9E10D941B1BBDD4001DB928 /* MDCurrency.h */ = {isa = PBXFileReference; fileEncoding = 4; lastKnownFileType = sourcecode.c.h; path = MDCurrency.h; sourceTree = "<group>"; };
		C9E10D951B1BBDD4001DB928 /* MDCurrency.m */ = {isa = PBXFileReference; fileEncoding = 4; lastKnownFileType = sourcecode.c.objc; path = MDCurrency.m; sourceTree = "<group>"; };
		C9E10D971B1BBEA4001DB928 /* MDConversion.h */ = {isa = PBXFileReference; fileEncoding = 4; lastKnownFileType = sourcecode.c.h; path = MDConversion.h; sourceTree = "<group>"; };
		C9E10D981B1BBEA4001DB928 /* MDConversion.m */ = {isa = PBXFileReference; fileEncoding = 4; lastKnownFileType = sourcecode.c.objc; path = MDConversion.m; sourceTree = "<group>"; };
		C9E10D9B1B1C6C0B001DB928 /* MDDataSource.h */ = {isa = PBXFileReference; fileEncoding = 4; lastKnownFileType = sourcecode.c.h; path = MDDataSource.h; sourceTree = "<group>"; };
		C9E10D9C1B1C6C0B001DB928 /* MDDataSource.m */ = {isa = PBXFileReference; fileEncoding = 4; lastKnownFileType = sourcecode.c.objc; path = MDDataSource.m; sourceTree = "<group>"; };
		C9E10DA11B1C79E0001DB928 /* MDBaseViewController.h */ = {isa = PBXFileReference; fileEncoding = 4; lastKnownFileType = sourcecode.c.h; path = MDBaseViewController.h; sourceTree = "<group>"; };
		C9E10DA21B1C79E0001DB928 /* MDBaseViewController.m */ = {isa = PBXFileReference; fileEncoding = 4; lastKnownFileType = sourcecode.c.objc; path = MDBaseViewController.m; sourceTree = "<group>"; };
/* End PBXFileReference section */

/* Begin PBXFrameworksBuildPhase section */
		C9572A621B1BACF0008793A2 /* Frameworks */ = {
			isa = PBXFrameworksBuildPhase;
			buildActionMask = 2147483647;
			files = (
				BBCF66100973EF32A570A78B /* libPods-MyDriveTest.a in Frameworks */,
			);
			runOnlyForDeploymentPostprocessing = 0;
		};
		C9572A7B1B1BACF1008793A2 /* Frameworks */ = {
			isa = PBXFrameworksBuildPhase;
			buildActionMask = 2147483647;
			files = (
			);
			runOnlyForDeploymentPostprocessing = 0;
		};
/* End PBXFrameworksBuildPhase section */

/* Begin PBXGroup section */
		39F0AEFEED140DA682CC6910 /* Pods */ = {
			isa = PBXGroup;
			children = (
				8381BDA14D6E62FFC4B0D20F /* Pods-MyDriveTest.debug.xcconfig */,
				514F7AFA2BD0330D1DF9C41B /* Pods-MyDriveTest.release.xcconfig */,
			);
			name = Pods;
			sourceTree = "<group>";
		};
		C9572A5C1B1BACF0008793A2 = {
			isa = PBXGroup;
			children = (
				C9572A8E1B1BAD5F008793A2 /* Podfile */,
				C9572A671B1BACF0008793A2 /* MyDriveTest */,
				C9572A811B1BACF1008793A2 /* MyDriveTestTests */,
				C9572A661B1BACF0008793A2 /* Products */,
				39F0AEFEED140DA682CC6910 /* Pods */,
				F7A3093053597BAD54422471 /* Frameworks */,
			);
			sourceTree = "<group>";
		};
		C9572A661B1BACF0008793A2 /* Products */ = {
			isa = PBXGroup;
			children = (
				C9572A651B1BACF0008793A2 /* MyDriveTest.app */,
				C9572A7E1B1BACF1008793A2 /* MyDriveTestTests.xctest */,
			);
			name = Products;
			sourceTree = "<group>";
		};
		C9572A671B1BACF0008793A2 /* MyDriveTest */ = {
			isa = PBXGroup;
			children = (
				C9E10D9F1B1C799D001DB928 /* ViewControllers */,
				C9E10D9A1B1C6BE0001DB928 /* DataSource */,
				C9E10D931B1BBD9B001DB928 /* Model */,
				C9E10D8F1B1BB437001DB928 /* NetworkLayer */,
				C9572A6C1B1BACF0008793A2 /* AppDelegate.h */,
				C9572A6D1B1BACF0008793A2 /* AppDelegate.m */,
				C9572A721B1BACF0008793A2 /* Main.storyboard */,
				C9572A751B1BACF0008793A2 /* Images.xcassets */,
				C9572A771B1BACF0008793A2 /* LaunchScreen.xib */,
				C9572A681B1BACF0008793A2 /* Supporting Files */,
			);
			path = MyDriveTest;
			sourceTree = "<group>";
		};
		C9572A681B1BACF0008793A2 /* Supporting Files */ = {
			isa = PBXGroup;
			children = (
				C9572A691B1BACF0008793A2 /* Info.plist */,
				C9572A6A1B1BACF0008793A2 /* main.m */,
			);
			name = "Supporting Files";
			sourceTree = "<group>";
		};
		C9572A811B1BACF1008793A2 /* MyDriveTestTests */ = {
			isa = PBXGroup;
			children = (
				C960AFD11B1F31F8001823E5 /* MDConversionTests.m */,
				C960AFCF1B1F2CBB001823E5 /* MDCurrencyTests.m */,
				C9572A821B1BACF1008793A2 /* Supporting Files */,
			);
			path = MyDriveTestTests;
			sourceTree = "<group>";
		};
		C9572A821B1BACF1008793A2 /* Supporting Files */ = {
			isa = PBXGroup;
			children = (
				C9572A831B1BACF1008793A2 /* Info.plist */,
			);
			name = "Supporting Files";
			sourceTree = "<group>";
		};
		C9E10D8F1B1BB437001DB928 /* NetworkLayer */ = {
			isa = PBXGroup;
			children = (
				C9E10D901B1BB4CE001DB928 /* MDApiClient.h */,
				C9E10D911B1BB4CE001DB928 /* MDApiClient.m */,
			);
			path = NetworkLayer;
			sourceTree = "<group>";
		};
		C9E10D931B1BBD9B001DB928 /* Model */ = {
			isa = PBXGroup;
			children = (
				C9E10D941B1BBDD4001DB928 /* MDCurrency.h */,
				C9E10D951B1BBDD4001DB928 /* MDCurrency.m */,
				C9E10D971B1BBEA4001DB928 /* MDConversion.h */,
				C9E10D981B1BBEA4001DB928 /* MDConversion.m */,
			);
			path = Model;
			sourceTree = "<group>";
		};
		C9E10D9A1B1C6BE0001DB928 /* DataSource */ = {
			isa = PBXGroup;
			children = (
				C9E10D9B1B1C6C0B001DB928 /* MDDataSource.h */,
				C9E10D9C1B1C6C0B001DB928 /* MDDataSource.m */,
			);
			path = DataSource;
			sourceTree = "<group>";
		};
		C9E10D9F1B1C799D001DB928 /* ViewControllers */ = {
			isa = PBXGroup;
			children = (
				C9E10DA11B1C79E0001DB928 /* MDBaseViewController.h */,
				C9E10DA21B1C79E0001DB928 /* MDBaseViewController.m */,
				C9572A6F1B1BACF0008793A2 /* ViewController.h */,
				C9572A701B1BACF0008793A2 /* ViewController.m */,
			);
			path = ViewControllers;
			sourceTree = "<group>";
		};
		F7A3093053597BAD54422471 /* Frameworks */ = {
			isa = PBXGroup;
			children = (
				71B6237A37C2861BDA641726 /* libPods-MyDriveTest.a */,
			);
			name = Frameworks;
			sourceTree = "<group>";
		};
/* End PBXGroup section */

/* Begin PBXNativeTarget section */
		C9572A641B1BACF0008793A2 /* MyDriveTest */ = {
			isa = PBXNativeTarget;
			buildConfigurationList = C9572A881B1BACF1008793A2 /* Build configuration list for PBXNativeTarget "MyDriveTest" */;
			buildPhases = (
				D44230C6B96C346E191E228A /* Check Pods Manifest.lock */,
				C9572A611B1BACF0008793A2 /* Sources */,
				C9572A621B1BACF0008793A2 /* Frameworks */,
				C9572A631B1BACF0008793A2 /* Resources */,
				45031260EBB07430ACF1CB4B /* Copy Pods Resources */,
			);
			buildRules = (
			);
			dependencies = (
			);
			name = MyDriveTest;
			productName = MyDriveTest;
			productReference = C9572A651B1BACF0008793A2 /* MyDriveTest.app */;
			productType = "com.apple.product-type.application";
		};
		C9572A7D1B1BACF1008793A2 /* MyDriveTestTests */ = {
			isa = PBXNativeTarget;
			buildConfigurationList = C9572A8B1B1BACF1008793A2 /* Build configuration list for PBXNativeTarget "MyDriveTestTests" */;
			buildPhases = (
				C9572A7A1B1BACF1008793A2 /* Sources */,
				C9572A7B1B1BACF1008793A2 /* Frameworks */,
				C9572A7C1B1BACF1008793A2 /* Resources */,
			);
			buildRules = (
			);
			dependencies = (
				C9572A801B1BACF1008793A2 /* PBXTargetDependency */,
			);
			name = MyDriveTestTests;
			productName = MyDriveTestTests;
			productReference = C9572A7E1B1BACF1008793A2 /* MyDriveTestTests.xctest */;
			productType = "com.apple.product-type.bundle.unit-test";
		};
/* End PBXNativeTarget section */

/* Begin PBXProject section */
		C9572A5D1B1BACF0008793A2 /* Project object */ = {
			isa = PBXProject;
			attributes = {
				LastUpgradeCheck = 0630;
				ORGANIZATIONNAME = "Popa Andrei";
				TargetAttributes = {
					C9572A641B1BACF0008793A2 = {
						CreatedOnToolsVersion = 6.3.2;
					};
					C9572A7D1B1BACF1008793A2 = {
						CreatedOnToolsVersion = 6.3.2;
						TestTargetID = C9572A641B1BACF0008793A2;
					};
				};
			};
			buildConfigurationList = C9572A601B1BACF0008793A2 /* Build configuration list for PBXProject "MyDriveTest" */;
			compatibilityVersion = "Xcode 3.2";
			developmentRegion = English;
			hasScannedForEncodings = 0;
			knownRegions = (
				en,
				Base,
			);
			mainGroup = C9572A5C1B1BACF0008793A2;
			productRefGroup = C9572A661B1BACF0008793A2 /* Products */;
			projectDirPath = "";
			projectRoot = "";
			targets = (
				C9572A641B1BACF0008793A2 /* MyDriveTest */,
				C9572A7D1B1BACF1008793A2 /* MyDriveTestTests */,
			);
		};
/* End PBXProject section */

/* Begin PBXResourcesBuildPhase section */
		C9572A631B1BACF0008793A2 /* Resources */ = {
			isa = PBXResourcesBuildPhase;
			buildActionMask = 2147483647;
			files = (
				C9572A741B1BACF0008793A2 /* Main.storyboard in Resources */,
				C9572A791B1BACF0008793A2 /* LaunchScreen.xib in Resources */,
				C9572A8F1B1BAD5F008793A2 /* Podfile in Resources */,
				C9572A761B1BACF0008793A2 /* Images.xcassets in Resources */,
			);
			runOnlyForDeploymentPostprocessing = 0;
		};
		C9572A7C1B1BACF1008793A2 /* Resources */ = {
			isa = PBXResourcesBuildPhase;
			buildActionMask = 2147483647;
			files = (
			);
			runOnlyForDeploymentPostprocessing = 0;
		};
/* End PBXResourcesBuildPhase section */

/* Begin PBXShellScriptBuildPhase section */
		45031260EBB07430ACF1CB4B /* Copy Pods Resources */ = {
			isa = PBXShellScriptBuildPhase;
			buildActionMask = 2147483647;
			files = (
			);
			inputPaths = (
			);
			name = "Copy Pods Resources";
			outputPaths = (
			);
			runOnlyForDeploymentPostprocessing = 0;
			shellPath = /bin/sh;
			shellScript = "\"${SRCROOT}/Pods/Target Support Files/Pods-MyDriveTest/Pods-MyDriveTest-resources.sh\"\n";
			showEnvVarsInLog = 0;
		};
		D44230C6B96C346E191E228A /* Check Pods Manifest.lock */ = {
			isa = PBXShellScriptBuildPhase;
			buildActionMask = 2147483647;
			files = (
			);
			inputPaths = (
			);
			name = "Check Pods Manifest.lock";
			outputPaths = (
			);
			runOnlyForDeploymentPostprocessing = 0;
			shellPath = /bin/sh;
			shellScript = "diff \"${PODS_ROOT}/../Podfile.lock\" \"${PODS_ROOT}/Manifest.lock\" > /dev/null\nif [[ $? != 0 ]] ; then\n    cat << EOM\nerror: The sandbox is not in sync with the Podfile.lock. Run 'pod install' or update your CocoaPods installation.\nEOM\n    exit 1\nfi\n";
			showEnvVarsInLog = 0;
		};
/* End PBXShellScriptBuildPhase section */

/* Begin PBXSourcesBuildPhase section */
		C9572A611B1BACF0008793A2 /* Sources */ = {
			isa = PBXSourcesBuildPhase;
			buildActionMask = 2147483647;
			files = (
				C9E10D991B1BBEA4001DB928 /* MDConversion.m in Sources */,
				C9E10D961B1BBDD4001DB928 /* MDCurrency.m in Sources */,
				C9572A711B1BACF0008793A2 /* ViewController.m in Sources */,
				C9E10D9D1B1C6C0B001DB928 /* MDDataSource.m in Sources */,
				C9E10DA31B1C79E0001DB928 /* MDBaseViewController.m in Sources */,
				C9572A6E1B1BACF0008793A2 /* AppDelegate.m in Sources */,
				C9E10D921B1BB4CE001DB928 /* MDApiClient.m in Sources */,
				C9572A6B1B1BACF0008793A2 /* main.m in Sources */,
			);
			runOnlyForDeploymentPostprocessing = 0;
		};
		C9572A7A1B1BACF1008793A2 /* Sources */ = {
			isa = PBXSourcesBuildPhase;
			buildActionMask = 2147483647;
			files = (
				C960AFD21B1F31F8001823E5 /* MDConversionTests.m in Sources */,
				C960AFD01B1F2CBB001823E5 /* MDCurrencyTests.m in Sources */,
			);
			runOnlyForDeploymentPostprocessing = 0;
		};
/* End PBXSourcesBuildPhase section */

/* Begin PBXTargetDependency section */
		C9572A801B1BACF1008793A2 /* PBXTargetDependency */ = {
			isa = PBXTargetDependency;
			target = C9572A641B1BACF0008793A2 /* MyDriveTest */;
			targetProxy = C9572A7F1B1BACF1008793A2 /* PBXContainerItemProxy */;
		};
/* End PBXTargetDependency section */

/* Begin PBXVariantGroup section */
		C9572A721B1BACF0008793A2 /* Main.storyboard */ = {
			isa = PBXVariantGroup;
			children = (
				C9572A731B1BACF0008793A2 /* Base */,
			);
			name = Main.storyboard;
			sourceTree = "<group>";
		};
		C9572A771B1BACF0008793A2 /* LaunchScreen.xib */ = {
			isa = PBXVariantGroup;
			children = (
				C9572A781B1BACF0008793A2 /* Base */,
			);
			name = LaunchScreen.xib;
			sourceTree = "<group>";
		};
/* End PBXVariantGroup section */

/* Begin XCBuildConfiguration section */
		C9572A861B1BACF1008793A2 /* Debug */ = {
			isa = XCBuildConfiguration;
			buildSettings = {
				ALWAYS_SEARCH_USER_PATHS = NO;
				CLANG_CXX_LANGUAGE_STANDARD = "gnu++0x";
				CLANG_CXX_LIBRARY = "libc++";
				CLANG_ENABLE_MODULES = YES;
				CLANG_ENABLE_OBJC_ARC = YES;
				CLANG_WARN_BOOL_CONVERSION = YES;
				CLANG_WARN_CONSTANT_CONVERSION = YES;
				CLANG_WARN_DIRECT_OBJC_ISA_USAGE = YES_ERROR;
				CLANG_WARN_EMPTY_BODY = YES;
				CLANG_WARN_ENUM_CONVERSION = YES;
				CLANG_WARN_INT_CONVERSION = YES;
				CLANG_WARN_OBJC_ROOT_CLASS = YES_ERROR;
				CLANG_WARN_UNREACHABLE_CODE = YES;
				CLANG_WARN__DUPLICATE_METHOD_MATCH = YES;
				"CODE_SIGN_IDENTITY[sdk=iphoneos*]" = "iPhone Developer";
				COPY_PHASE_STRIP = NO;
				DEBUG_INFORMATION_FORMAT = "dwarf-with-dsym";
				ENABLE_STRICT_OBJC_MSGSEND = YES;
				GCC_C_LANGUAGE_STANDARD = gnu99;
				GCC_DYNAMIC_NO_PIC = NO;
				GCC_NO_COMMON_BLOCKS = YES;
				GCC_OPTIMIZATION_LEVEL = 0;
				GCC_PREPROCESSOR_DEFINITIONS = (
					"DEBUG=1",
					"$(inherited)",
				);
				GCC_SYMBOLS_PRIVATE_EXTERN = NO;
				GCC_WARN_64_TO_32_BIT_CONVERSION = YES;
				GCC_WARN_ABOUT_RETURN_TYPE = YES_ERROR;
				GCC_WARN_UNDECLARED_SELECTOR = YES;
				GCC_WARN_UNINITIALIZED_AUTOS = YES_AGGRESSIVE;
				GCC_WARN_UNUSED_FUNCTION = YES;
				GCC_WARN_UNUSED_VARIABLE = YES;
				IPHONEOS_DEPLOYMENT_TARGET = 8.3;
				MTL_ENABLE_DEBUG_INFO = YES;
				ONLY_ACTIVE_ARCH = YES;
				SDKROOT = iphoneos;
				TARGETED_DEVICE_FAMILY = "1,2";
			};
			name = Debug;
		};
		C9572A871B1BACF1008793A2 /* Release */ = {
			isa = XCBuildConfiguration;
			buildSettings = {
				ALWAYS_SEARCH_USER_PATHS = NO;
				CLANG_CXX_LANGUAGE_STANDARD = "gnu++0x";
				CLANG_CXX_LIBRARY = "libc++";
				CLANG_ENABLE_MODULES = YES;
				CLANG_ENABLE_OBJC_ARC = YES;
				CLANG_WARN_BOOL_CONVERSION = YES;
				CLANG_WARN_CONSTANT_CONVERSION = YES;
				CLANG_WARN_DIRECT_OBJC_ISA_USAGE = YES_ERROR;
				CLANG_WARN_EMPTY_BODY = YES;
				CLANG_WARN_ENUM_CONVERSION = YES;
				CLANG_WARN_INT_CONVERSION = YES;
				CLANG_WARN_OBJC_ROOT_CLASS = YES_ERROR;
				CLANG_WARN_UNREACHABLE_CODE = YES;
				CLANG_WARN__DUPLICATE_METHOD_MATCH = YES;
				"CODE_SIGN_IDENTITY[sdk=iphoneos*]" = "iPhone Developer";
				COPY_PHASE_STRIP = NO;
				DEBUG_INFORMATION_FORMAT = "dwarf-with-dsym";
				ENABLE_NS_ASSERTIONS = NO;
				ENABLE_STRICT_OBJC_MSGSEND = YES;
				GCC_C_LANGUAGE_STANDARD = gnu99;
				GCC_NO_COMMON_BLOCKS = YES;
				GCC_WARN_64_TO_32_BIT_CONVERSION = YES;
				GCC_WARN_ABOUT_RETURN_TYPE = YES_ERROR;
				GCC_WARN_UNDECLARED_SELECTOR = YES;
				GCC_WARN_UNINITIALIZED_AUTOS = YES_AGGRESSIVE;
				GCC_WARN_UNUSED_FUNCTION = YES;
				GCC_WARN_UNUSED_VARIABLE = YES;
				IPHONEOS_DEPLOYMENT_TARGET = 8.3;
				MTL_ENABLE_DEBUG_INFO = NO;
				SDKROOT = iphoneos;
				TARGETED_DEVICE_FAMILY = "1,2";
				VALIDATE_PRODUCT = YES;
			};
			name = Release;
		};
		C9572A891B1BACF1008793A2 /* Debug */ = {
			isa = XCBuildConfiguration;
			baseConfigurationReference = 8381BDA14D6E62FFC4B0D20F /* Pods-MyDriveTest.debug.xcconfig */;
			buildSettings = {
				ASSETCATALOG_COMPILER_APPICON_NAME = AppIcon;
				INFOPLIST_FILE = MyDriveTest/Info.plist;
				LD_RUNPATH_SEARCH_PATHS = "$(inherited) @executable_path/Frameworks";
				PRODUCT_NAME = "$(TARGET_NAME)";
			};
			name = Debug;
		};
		C9572A8A1B1BACF1008793A2 /* Release */ = {
			isa = XCBuildConfiguration;
			baseConfigurationReference = 514F7AFA2BD0330D1DF9C41B /* Pods-MyDriveTest.release.xcconfig */;
			buildSettings = {
				ASSETCATALOG_COMPILER_APPICON_NAME = AppIcon;
				INFOPLIST_FILE = MyDriveTest/Info.plist;
				LD_RUNPATH_SEARCH_PATHS = "$(inherited) @executable_path/Frameworks";
				PRODUCT_NAME = "$(TARGET_NAME)";
			};
			name = Release;
		};
		C9572A8C1B1BACF1008793A2 /* Debug */ = {
			isa = XCBuildConfiguration;
			buildSettings = {
				BUNDLE_LOADER = "$(TEST_HOST)";
				FRAMEWORK_SEARCH_PATHS = (
					"$(SDKROOT)/Developer/Library/Frameworks",
					"$(inherited)",
				);
				GCC_PREPROCESSOR_DEFINITIONS = (
					"DEBUG=1",
					"$(inherited)",
				);
				INFOPLIST_FILE = MyDriveTestTests/Info.plist;
				LD_RUNPATH_SEARCH_PATHS = "$(inherited) @executable_path/Frameworks @loader_path/Frameworks";
				PRODUCT_NAME = "$(TARGET_NAME)";
				TEST_HOST = "$(BUILT_PRODUCTS_DIR)/MyDriveTest.app/MyDriveTest";
			};
			name = Debug;
		};
		C9572A8D1B1BACF1008793A2 /* Release */ = {
			isa = XCBuildConfiguration;
			buildSettings = {
				BUNDLE_LOADER = "$(TEST_HOST)";
				FRAMEWORK_SEARCH_PATHS = (
					"$(SDKROOT)/Developer/Library/Frameworks",
					"$(inherited)",
				);
				INFOPLIST_FILE = MyDriveTestTests/Info.plist;
				LD_RUNPATH_SEARCH_PATHS = "$(inherited) @executable_path/Frameworks @loader_path/Frameworks";
				PRODUCT_NAME = "$(TARGET_NAME)";
				TEST_HOST = "$(BUILT_PRODUCTS_DIR)/MyDriveTest.app/MyDriveTest";
			};
			name = Release;
		};
/* End XCBuildConfiguration section */

/* Begin XCConfigurationList section */
		C9572A601B1BACF0008793A2 /* Build configuration list for PBXProject "MyDriveTest" */ = {
			isa = XCConfigurationList;
			buildConfigurations = (
				C9572A861B1BACF1008793A2 /* Debug */,
				C9572A871B1BACF1008793A2 /* Release */,
			);
			defaultConfigurationIsVisible = 0;
			defaultConfigurationName = Release;
		};
		C9572A881B1BACF1008793A2 /* Build configuration list for PBXNativeTarget "MyDriveTest" */ = {
			isa = XCConfigurationList;
			buildConfigurations = (
				C9572A891B1BACF1008793A2 /* Debug */,
				C9572A8A1B1BACF1008793A2 /* Release */,
			);
			defaultConfigurationIsVisible = 0;
			defaultConfigurationName = Release;
		};
		C9572A8B1B1BACF1008793A2 /* Build configuration list for PBXNativeTarget "MyDriveTestTests" */ = {
			isa = XCConfigurationList;
			buildConfigurations = (
				C9572A8C1B1BACF1008793A2 /* Debug */,
				C9572A8D1B1BACF1008793A2 /* Release */,
			);
			defaultConfigurationIsVisible = 0;
			defaultConfigurationName = Release;
		};
/* End XCConfigurationList section */
	};
	rootObject = C9572A5D1B1BACF0008793A2 /* Project object */;
}
